// !$*UTF8*$!
{
	archiveVersion = 1;
	classes = {
	};
	objectVersion = 46;
	objects = {

/* Begin PBXBuildFile section */
		3242CF101A95F46C004F2A27 /* Foundation.framework in Frameworks */ = {isa = PBXBuildFile; fileRef = 3242CF0F1A95F46C004F2A27 /* Foundation.framework */; };
		3242CF121A95F46C004F2A27 /* CoreGraphics.framework in Frameworks */ = {isa = PBXBuildFile; fileRef = 3242CF111A95F46C004F2A27 /* CoreGraphics.framework */; };
		3242CF141A95F46C004F2A27 /* UIKit.framework in Frameworks */ = {isa = PBXBuildFile; fileRef = 3242CF131A95F46C004F2A27 /* UIKit.framework */; };
		3242CF1A1A95F46C004F2A27 /* InfoPlist.strings in Resources */ = {isa = PBXBuildFile; fileRef = 3242CF181A95F46C004F2A27 /* InfoPlist.strings */; };
		3242CF1C1A95F46C004F2A27 /* main.m in Sources */ = {isa = PBXBuildFile; fileRef = 3242CF1B1A95F46C004F2A27 /* main.m */; };
		3242CF201A95F46C004F2A27 /* MJAppDelegate.m in Sources */ = {isa = PBXBuildFile; fileRef = 3242CF1F1A95F46C004F2A27 /* MJAppDelegate.m */; };
		3242CF231A95F46C004F2A27 /* Main.storyboard in Resources */ = {isa = PBXBuildFile; fileRef = 3242CF211A95F46C004F2A27 /* Main.storyboard */; };
		3242CF261A95F46C004F2A27 /* MJViewController.m in Sources */ = {isa = PBXBuildFile; fileRef = 3242CF251A95F46C004F2A27 /* MJViewController.m */; };
		3242CF281A95F46C004F2A27 /* Images.xcassets in Resources */ = {isa = PBXBuildFile; fileRef = 3242CF271A95F46C004F2A27 /* Images.xcassets */; };
		3242CF2F1A95F46C004F2A27 /* XCTest.framework in Frameworks */ = {isa = PBXBuildFile; fileRef = 3242CF2E1A95F46C004F2A27 /* XCTest.framework */; };
		3242CF301A95F46C004F2A27 /* Foundation.framework in Frameworks */ = {isa = PBXBuildFile; fileRef = 3242CF0F1A95F46C004F2A27 /* Foundation.framework */; };
		3242CF311A95F46C004F2A27 /* UIKit.framework in Frameworks */ = {isa = PBXBuildFile; fileRef = 3242CF131A95F46C004F2A27 /* UIKit.framework */; };
		3242CF391A95F46C004F2A27 /* InfoPlist.strings in Resources */ = {isa = PBXBuildFile; fileRef = 3242CF371A95F46C004F2A27 /* InfoPlist.strings */; };
		3242CF3B1A95F46C004F2A27 /* UITableView_____Tests.m in Sources */ = {isa = PBXBuildFile; fileRef = 3242CF3A1A95F46C004F2A27 /* UITableView_____Tests.m */; };
/* End PBXBuildFile section */

/* Begin PBXContainerItemProxy section */
		3242CF321A95F46C004F2A27 /* PBXContainerItemProxy */ = {
			isa = PBXContainerItemProxy;
			containerPortal = 3242CF041A95F46B004F2A27 /* Project object */;
			proxyType = 1;
			remoteGlobalIDString = 3242CF0B1A95F46C004F2A27;
			remoteInfo = "UITableView-性能优化";
		};
/* End PBXContainerItemProxy section */

/* Begin PBXFileReference section */
		3242CF0C1A95F46C004F2A27 /* UITableView-性能优化.app */ = {isa = PBXFileReference; explicitFileType = wrapper.application; includeInIndex = 0; path = "UITableView-性能优化.app"; sourceTree = BUILT_PRODUCTS_DIR; };
		3242CF0F1A95F46C004F2A27 /* Foundation.framework */ = {isa = PBXFileReference; lastKnownFileType = wrapper.framework; name = Foundation.framework; path = System/Library/Frameworks/Foundation.framework; sourceTree = SDKROOT; };
		3242CF111A95F46C004F2A27 /* CoreGraphics.framework */ = {isa = PBXFileReference; lastKnownFileType = wrapper.framework; name = CoreGraphics.framework; path = System/Library/Frameworks/CoreGraphics.framework; sourceTree = SDKROOT; };
		3242CF131A95F46C004F2A27 /* UIKit.framework */ = {isa = PBXFileReference; lastKnownFileType = wrapper.framework; name = UIKit.framework; path = System/Library/Frameworks/UIKit.framework; sourceTree = SDKROOT; };
		3242CF171A95F46C004F2A27 /* UITableView-性能优化-Info.plist */ = {isa = PBXFileReference; lastKnownFileType = text.plist.xml; path = "UITableView-性能优化-Info.plist"; sourceTree = "<group>"; };
		3242CF191A95F46C004F2A27 /* en */ = {isa = PBXFileReference; lastKnownFileType = text.plist.strings; name = en; path = en.lproj/InfoPlist.strings; sourceTree = "<group>"; };
		3242CF1B1A95F46C004F2A27 /* main.m */ = {isa = PBXFileReference; lastKnownFileType = sourcecode.c.objc; path = main.m; sourceTree = "<group>"; };
		3242CF1D1A95F46C004F2A27 /* UITableView-性能优化-Prefix.pch */ = {isa = PBXFileReference; lastKnownFileType = sourcecode.c.h; path = "UITableView-性能优化-Prefix.pch"; sourceTree = "<group>"; };
		3242CF1E1A95F46C004F2A27 /* MJAppDelegate.h */ = {isa = PBXFileReference; lastKnownFileType = sourcecode.c.h; path = MJAppDelegate.h; sourceTree = "<group>"; };
		3242CF1F1A95F46C004F2A27 /* MJAppDelegate.m */ = {isa = PBXFileReference; lastKnownFileType = sourcecode.c.objc; path = MJAppDelegate.m; sourceTree = "<group>"; };
		3242CF221A95F46C004F2A27 /* Base */ = {isa = PBXFileReference; lastKnownFileType = file.storyboard; name = Base; path = Base.lproj/Main.storyboard; sourceTree = "<group>"; };
		3242CF241A95F46C004F2A27 /* MJViewController.h */ = {isa = PBXFileReference; lastKnownFileType = sourcecode.c.h; path = MJViewController.h; sourceTree = "<group>"; };
		3242CF251A95F46C004F2A27 /* MJViewController.m */ = {isa = PBXFileReference; lastKnownFileType = sourcecode.c.objc; path = MJViewController.m; sourceTree = "<group>"; };
		3242CF271A95F46C004F2A27 /* Images.xcassets */ = {isa = PBXFileReference; lastKnownFileType = folder.assetcatalog; path = Images.xcassets; sourceTree = "<group>"; };
		3242CF2D1A95F46C004F2A27 /* UITableView-性能优化Tests.xctest */ = {isa = PBXFileReference; explicitFileType = wrapper.cfbundle; includeInIndex = 0; path = "UITableView-性能优化Tests.xctest"; sourceTree = BUILT_PRODUCTS_DIR; };
		3242CF2E1A95F46C004F2A27 /* XCTest.framework */ = {isa = PBXFileReference; lastKnownFileType = wrapper.framework; name = XCTest.framework; path = Library/Frameworks/XCTest.framework; sourceTree = DEVELOPER_DIR; };
		3242CF361A95F46C004F2A27 /* UITableView-性能优化Tests-Info.plist */ = {isa = PBXFileReference; lastKnownFileType = text.plist.xml; path = "UITableView-性能优化Tests-Info.plist"; sourceTree = "<group>"; };
		3242CF381A95F46C004F2A27 /* en */ = {isa = PBXFileReference; lastKnownFileType = text.plist.strings; name = en; path = en.lproj/InfoPlist.strings; sourceTree = "<group>"; };
		3242CF3A1A95F46C004F2A27 /* UITableView_____Tests.m */ = {isa = PBXFileReference; lastKnownFileType = sourcecode.c.objc; path = "UITableView_____Tests.m"; sourceTree = "<group>"; };
/* End PBXFileReference section */

/* Begin PBXFrameworksBuildPhase section */
		3242CF091A95F46C004F2A27 /* Frameworks */ = {
			isa = PBXFrameworksBuildPhase;
			buildActionMask = 2147483647;
			files = (
				3242CF121A95F46C004F2A27 /* CoreGraphics.framework in Frameworks */,
				3242CF141A95F46C004F2A27 /* UIKit.framework in Frameworks */,
				3242CF101A95F46C004F2A27 /* Foundation.framework in Frameworks */,
			);
			runOnlyForDeploymentPostprocessing = 0;
		};
		3242CF2A1A95F46C004F2A27 /* Frameworks */ = {
			isa = PBXFrameworksBuildPhase;
			buildActionMask = 2147483647;
			files = (
				3242CF2F1A95F46C004F2A27 /* XCTest.framework in Frameworks */,
				3242CF311A95F46C004F2A27 /* UIKit.framework in Frameworks */,
				3242CF301A95F46C004F2A27 /* Foundation.framework in Frameworks */,
			);
			runOnlyForDeploymentPostprocessing = 0;
		};
/* End PBXFrameworksBuildPhase section */

/* Begin PBXGroup section */
		3242CF031A95F46B004F2A27 = {
			isa = PBXGroup;
			children = (
				3242CF151A95F46C004F2A27 /* UITableView-性能优化 */,
				3242CF341A95F46C004F2A27 /* UITableView-性能优化Tests */,
				3242CF0E1A95F46C004F2A27 /* Frameworks */,
				3242CF0D1A95F46C004F2A27 /* Products */,
			);
			sourceTree = "<group>";
		};
		3242CF0D1A95F46C004F2A27 /* Products */ = {
			isa = PBXGroup;
			children = (
				3242CF0C1A95F46C004F2A27 /* UITableView-性能优化.app */,
				3242CF2D1A95F46C004F2A27 /* UITableView-性能优化Tests.xctest */,
			);
			name = Products;
			sourceTree = "<group>";
		};
		3242CF0E1A95F46C004F2A27 /* Frameworks */ = {
			isa = PBXGroup;
			children = (
				3242CF0F1A95F46C004F2A27 /* Foundation.framework */,
				3242CF111A95F46C004F2A27 /* CoreGraphics.framework */,
				3242CF131A95F46C004F2A27 /* UIKit.framework */,
				3242CF2E1A95F46C004F2A27 /* XCTest.framework */,
			);
			name = Frameworks;
			sourceTree = "<group>";
		};
		3242CF151A95F46C004F2A27 /* UITableView-性能优化 */ = {
			isa = PBXGroup;
			children = (
				3242CF1E1A95F46C004F2A27 /* MJAppDelegate.h */,
				3242CF1F1A95F46C004F2A27 /* MJAppDelegate.m */,
				3242CF211A95F46C004F2A27 /* Main.storyboard */,
				3242CF241A95F46C004F2A27 /* MJViewController.h */,
				3242CF251A95F46C004F2A27 /* MJViewController.m */,
				3242CF271A95F46C004F2A27 /* Images.xcassets */,
				3242CF161A95F46C004F2A27 /* Supporting Files */,
			);
			path = "UITableView-性能优化";
			sourceTree = "<group>";
		};
		3242CF161A95F46C004F2A27 /* Supporting Files */ = {
			isa = PBXGroup;
			children = (
				3242CF171A95F46C004F2A27 /* UITableView-性能优化-Info.plist */,
				3242CF181A95F46C004F2A27 /* InfoPlist.strings */,
				3242CF1B1A95F46C004F2A27 /* main.m */,
				3242CF1D1A95F46C004F2A27 /* UITableView-性能优化-Prefix.pch */,
			);
			name = "Supporting Files";
			sourceTree = "<group>";
		};
		3242CF341A95F46C004F2A27 /* UITableView-性能优化Tests */ = {
			isa = PBXGroup;
			children = (
				3242CF3A1A95F46C004F2A27 /* UITableView_____Tests.m */,
				3242CF351A95F46C004F2A27 /* Supporting Files */,
			);
			path = "UITableView-性能优化Tests";
			sourceTree = "<group>";
		};
		3242CF351A95F46C004F2A27 /* Supporting Files */ = {
			isa = PBXGroup;
			children = (
				3242CF361A95F46C004F2A27 /* UITableView-性能优化Tests-Info.plist */,
				3242CF371A95F46C004F2A27 /* InfoPlist.strings */,
			);
			name = "Supporting Files";
			sourceTree = "<group>";
		};
/* End PBXGroup section */

/* Begin PBXNativeTarget section */
		3242CF0B1A95F46C004F2A27 /* UITableView-性能优化 */ = {
			isa = PBXNativeTarget;
			buildConfigurationList = 3242CF3E1A95F46C004F2A27 /* Build configuration list for PBXNativeTarget "UITableView-性能优化" */;
			buildPhases = (
				3242CF081A95F46C004F2A27 /* Sources */,
				3242CF091A95F46C004F2A27 /* Frameworks */,
				3242CF0A1A95F46C004F2A27 /* Resources */,
			);
			buildRules = (
			);
			dependencies = (
			);
			name = "UITableView-性能优化";
			productName = "UITableView-性能优化";
			productReference = 3242CF0C1A95F46C004F2A27 /* UITableView-性能优化.app */;
			productType = "com.apple.product-type.application";
		};
		3242CF2C1A95F46C004F2A27 /* UITableView-性能优化Tests */ = {
			isa = PBXNativeTarget;
			buildConfigurationList = 3242CF411A95F46C004F2A27 /* Build configuration list for PBXNativeTarget "UITableView-性能优化Tests" */;
			buildPhases = (
				3242CF291A95F46C004F2A27 /* Sources */,
				3242CF2A1A95F46C004F2A27 /* Frameworks */,
				3242CF2B1A95F46C004F2A27 /* Resources */,
			);
			buildRules = (
			);
			dependencies = (
				3242CF331A95F46C004F2A27 /* PBXTargetDependency */,
			);
			name = "UITableView-性能优化Tests";
			productName = "UITableView-性能优化Tests";
			productReference = 3242CF2D1A95F46C004F2A27 /* UITableView-性能优化Tests.xctest */;
			productType = "com.apple.product-type.bundle.unit-test";
		};
/* End PBXNativeTarget section */

/* Begin PBXProject section */
		3242CF041A95F46B004F2A27 /* Project object */ = {
			isa = PBXProject;
			attributes = {
				CLASSPREFIX = MJ;
				LastUpgradeCheck = 0510;
				ORGANIZATIONNAME = China;
				TargetAttributes = {
					3242CF2C1A95F46C004F2A27 = {
						TestTargetID = 3242CF0B1A95F46C004F2A27;
					};
				};
			};
			buildConfigurationList = 3242CF071A95F46B004F2A27 /* Build configuration list for PBXProject "UITableView-性能优化" */;
			compatibilityVersion = "Xcode 3.2";
			developmentRegion = English;
			hasScannedForEncodings = 0;
			knownRegions = (
				en,
				Base,
			);
			mainGroup = 3242CF031A95F46B004F2A27;
			productRefGroup = 3242CF0D1A95F46C004F2A27 /* Products */;
			projectDirPath = "";
			projectRoot = "";
			targets = (
				3242CF0B1A95F46C004F2A27 /* UITableView-性能优化 */,
				3242CF2C1A95F46C004F2A27 /* UITableView-性能优化Tests */,
			);
		};
/* End PBXProject section */

/* Begin PBXResourcesBuildPhase section */
		3242CF0A1A95F46C004F2A27 /* Resources */ = {
			isa = PBXResourcesBuildPhase;
			buildActionMask = 2147483647;
			files = (
				3242CF281A95F46C004F2A27 /* Images.xcassets in Resources */,
				3242CF1A1A95F46C004F2A27 /* InfoPlist.strings in Resources */,
				3242CF231A95F46C004F2A27 /* Main.storyboard in Resources */,
			);
			runOnlyForDeploymentPostprocessing = 0;
		};
		3242CF2B1A95F46C004F2A27 /* Resources */ = {
			isa = PBXResourcesBuildPhase;
			buildActionMask = 2147483647;
			files = (
				3242CF391A95F46C004F2A27 /* InfoPlist.strings in Resources */,
			);
			runOnlyForDeploymentPostprocessing = 0;
		};
/* End PBXResourcesBuildPhase section */

/* Begin PBXSourcesBuildPhase section */
		3242CF081A95F46C004F2A27 /* Sources */ = {
			isa = PBXSourcesBuildPhase;
			buildActionMask = 2147483647;
			files = (
				3242CF1C1A95F46C004F2A27 /* main.m in Sources */,
				3242CF261A95F46C004F2A27 /* MJViewController.m in Sources */,
				3242CF201A95F46C004F2A27 /* MJAppDelegate.m in Sources */,
			);
			runOnlyForDeploymentPostprocessing = 0;
		};
		3242CF291A95F46C004F2A27 /* Sources */ = {
			isa = PBXSourcesBuildPhase;
			buildActionMask = 2147483647;
			files = (
				3242CF3B1A95F46C004F2A27 /* UITableView_____Tests.m in Sources */,
			);
			runOnlyForDeploymentPostprocessing = 0;
		};
/* End PBXSourcesBuildPhase section */

/* Begin PBXTargetDependency section */
		3242CF331A95F46C004F2A27 /* PBXTargetDependency */ = {
			isa = PBXTargetDependency;
			target = 3242CF0B1A95F46C004F2A27 /* UITableView-性能优化 */;
			targetProxy = 3242CF321A95F46C004F2A27 /* PBXContainerItemProxy */;
		};
/* End PBXTargetDependency section */

/* Begin PBXVariantGroup section */
		3242CF181A95F46C004F2A27 /* InfoPlist.strings */ = {
			isa = PBXVariantGroup;
			children = (
				3242CF191A95F46C004F2A27 /* en */,
			);
			name = InfoPlist.strings;
			sourceTree = "<group>";
		};
		3242CF211A95F46C004F2A27 /* Main.storyboard */ = {
			isa = PBXVariantGroup;
			children = (
				3242CF221A95F46C004F2A27 /* Base */,
			);
			name = Main.storyboard;
			sourceTree = "<group>";
		};
		3242CF371A95F46C004F2A27 /* InfoPlist.strings */ = {
			isa = PBXVariantGroup;
			children = (
				3242CF381A95F46C004F2A27 /* en */,
			);
			name = InfoPlist.strings;
			sourceTree = "<group>";
		};
/* End PBXVariantGroup section */

/* Begin XCBuildConfiguration section */
		3242CF3C1A95F46C004F2A27 /* Debug */ = {
			isa = XCBuildConfiguration;
			buildSettings = {
				ALWAYS_SEARCH_USER_PATHS = NO;
				CLANG_CXX_LANGUAGE_STANDARD = "gnu++0x";
				CLANG_CXX_LIBRARY = "libc++";
				CLANG_ENABLE_MODULES = YES;
				CLANG_ENABLE_OBJC_ARC = YES;
				CLANG_WARN_BOOL_CONVERSION = YES;
				CLANG_WARN_CONSTANT_CONVERSION = YES;
				CLANG_WARN_DIRECT_OBJC_ISA_USAGE = YES_ERROR;
				CLANG_WARN_EMPTY_BODY = YES;
				CLANG_WARN_ENUM_CONVERSION = YES;
				CLANG_WARN_INT_CONVERSION = YES;
				CLANG_WARN_OBJC_ROOT_CLASS = YES_ERROR;
				CLANG_WARN__DUPLICATE_METHOD_MATCH = YES;
				"CODE_SIGN_IDENTITY[sdk=iphoneos*]" = "iPhone Developer";
				COPY_PHASE_STRIP = NO;
				GCC_C_LANGUAGE_STANDARD = gnu99;
				GCC_DYNAMIC_NO_PIC = NO;
				GCC_OPTIMIZATION_LEVEL = 0;
				GCC_PREPROCESSOR_DEFINITIONS = (
					"DEBUG=1",
					"$(inherited)",
				);
				GCC_SYMBOLS_PRIVATE_EXTERN = NO;
				GCC_WARN_64_TO_32_BIT_CONVERSION = YES;
				GCC_WARN_ABOUT_RETURN_TYPE = YES_ERROR;
				GCC_WARN_UNDECLARED_SELECTOR = YES;
				GCC_WARN_UNINITIALIZED_AUTOS = YES_AGGRESSIVE;
				GCC_WARN_UNUSED_FUNCTION = YES;
				GCC_WARN_UNUSED_VARIABLE = YES;
				IPHONEOS_DEPLOYMENT_TARGET = 7.1;
				ONLY_ACTIVE_ARCH = YES;
				SDKROOT = iphoneos;
			};
			name = Debug;
		};
		3242CF3D1A95F46C004F2A27 /* Release */ = {
			isa = XCBuildConfiguration;
			buildSettings = {
				ALWAYS_SEARCH_USER_PATHS = NO;
				CLANG_CXX_LANGUAGE_STANDARD = "gnu++0x";
				CLANG_CXX_LIBRARY = "libc++";
				CLANG_ENABLE_MODULES = YES;
				CLANG_ENABLE_OBJC_ARC = YES;
				CLANG_WARN_BOOL_CONVERSION = YES;
				CLANG_WARN_CONSTANT_CONVERSION = YES;
				CLANG_WARN_DIRECT_OBJC_ISA_USAGE = YES_ERROR;
				CLANG_WARN_EMPTY_BODY = YES;
				CLANG_WARN_ENUM_CONVERSION = YES;
				CLANG_WARN_INT_CONVERSION = YES;
				CLANG_WARN_OBJC_ROOT_CLASS = YES_ERROR;
				CLANG_WARN__DUPLICATE_METHOD_MATCH = YES;
				"CODE_SIGN_IDENTITY[sdk=iphoneos*]" = "iPhone Developer";
				COPY_PHASE_STRIP = YES;
				ENABLE_NS_ASSERTIONS = NO;
				GCC_C_LANGUAGE_STANDARD = gnu99;
				GCC_WARN_64_TO_32_BIT_CONVERSION = YES;
				GCC_WARN_ABOUT_RETURN_TYPE = YES_ERROR;
				GCC_WARN_UNDECLARED_SELECTOR = YES;
				GCC_WARN_UNINITIALIZED_AUTOS = YES_AGGRESSIVE;
				GCC_WARN_UNUSED_FUNCTION = YES;
				GCC_WARN_UNUSED_VARIABLE = YES;
				IPHONEOS_DEPLOYMENT_TARGET = 7.1;
				SDKROOT = iphoneos;
				VALIDATE_PRODUCT = YES;
			};
			name = Release;
		};
		3242CF3F1A95F46C004F2A27 /* Debug */ = {
			isa = XCBuildConfiguration;
			buildSettings = {
				ASSETCATALOG_COMPILER_APPICON_NAME = AppIcon;
				ASSETCATALOG_COMPILER_LAUNCHIMAGE_NAME = LaunchImage;
				GCC_PRECOMPILE_PREFIX_HEADER = YES;
				GCC_PREFIX_HEADER = "UITableView-性能优化/UITableView-性能优化-Prefix.pch";
				INFOPLIST_FILE = "UITableView-性能优化/UITableView-性能优化-Info.plist";
				PRODUCT_NAME = "$(TARGET_NAME)";
				WRAPPER_EXTENSION = app;
			};
			name = Debug;
		};
		3242CF401A95F46C004F2A27 /* Release */ = {
			isa = XCBuildConfiguration;
			buildSettings = {
				ASSETCATALOG_COMPILER_APPICON_NAME = AppIcon;
				ASSETCATALOG_COMPILER_LAUNCHIMAGE_NAME = LaunchImage;
				GCC_PRECOMPILE_PREFIX_HEADER = YES;
				GCC_PREFIX_HEADER = "UITableView-性能优化/UITableView-性能优化-Prefix.pch";
				INFOPLIST_FILE = "UITableView-性能优化/UITableView-性能优化-Info.plist";
				PRODUCT_NAME = "$(TARGET_NAME)";
				WRAPPER_EXTENSION = app;
			};
			name = Release;
		};
		3242CF421A95F46C004F2A27 /* Debug */ = {
			isa = XCBuildConfiguration;
			buildSettings = {
				BUNDLE_LOADER = "$(BUILT_PRODUCTS_DIR)/UITableView-性能优化.app/UITableView-性能优化";
				FRAMEWORK_SEARCH_PATHS = (
					"$(SDKROOT)/Developer/Library/Frameworks",
					"$(inherited)",
					"$(DEVELOPER_FRAMEWORKS_DIR)",
				);
				GCC_PRECOMPILE_PREFIX_HEADER = YES;
				GCC_PREFIX_HEADER = "UITableView-性能优化/UITableView-性能优化-Prefix.pch";
				GCC_PREPROCESSOR_DEFINITIONS = (
					"DEBUG=1",
					"$(inherited)",
				);
				INFOPLIST_FILE = "UITableView-性能优化Tests/UITableView-性能优化Tests-Info.plist";
				PRODUCT_NAME = "$(TARGET_NAME)";
				TEST_HOST = "$(BUNDLE_LOADER)";
				WRAPPER_EXTENSION = xctest;
			};
			name = Debug;
		};
		3242CF431A95F46C004F2A27 /* Release */ = {
			isa = XCBuildConfiguration;
			buildSettings = {
				BUNDLE_LOADER = "$(BUILT_PRODUCTS_DIR)/UITableView-性能优化.app/UITableView-性能优化";
				FRAMEWORK_SEARCH_PATHS = (
					"$(SDKROOT)/Developer/Library/Frameworks",
					"$(inherited)",
					"$(DEVELOPER_FRAMEWORKS_DIR)",
				);
				GCC_PRECOMPILE_PREFIX_HEADER = YES;
				GCC_PREFIX_HEADER = "UITableView-性能优化/UITableView-性能优化-Prefix.pch";
				INFOPLIST_FILE = "UITableView-性能优化Tests/UITableView-性能优化Tests-Info.plist";
				PRODUCT_NAME = "$(TARGET_NAME)";
				TEST_HOST = "$(BUNDLE_LOADER)";
				WRAPPER_EXTENSION = xctest;
			};
			name = Release;
		};
/* End XCBuildConfiguration section */

/* Begin XCConfigurationList section */
		3242CF071A95F46B004F2A27 /* Build configuration list for PBXProject "UITableView-性能优化" */ = {
			isa = XCConfigurationList;
			buildConfigurations = (
				3242CF3C1A95F46C004F2A27 /* Debug */,
				3242CF3D1A95F46C004F2A27 /* Release */,
			);
			defaultConfigurationIsVisible = 0;
			defaultConfigurationName = Release;
		};
		3242CF3E1A95F46C004F2A27 /* Build configuration list for PBXNativeTarget "UITableView-性能优化" */ = {
			isa = XCConfigurationList;
			buildConfigurations = (
				3242CF3F1A95F46C004F2A27 /* Debug */,
				3242CF401A95F46C004F2A27 /* Release */,
			);
			defaultConfigurationIsVisible = 0;
		};
		3242CF411A95F46C004F2A27 /* Build configuration list for PBXNativeTarget "UITableView-性能优化Tests" */ = {
			isa = XCConfigurationList;
			buildConfigurations = (
				3242CF421A95F46C004F2A27 /* Debug */,
				3242CF431A95F46C004F2A27 /* Release */,
			);
			defaultConfigurationIsVisible = 0;
		};
/* End XCConfigurationList section */
	};
	rootObject = 3242CF041A95F46B004F2A27 /* Project object */;
}
